Microsoft Visual Studio Solution File, Format Version 12.00
# Visual Studio 2013
Project("{8BC9CEB8-8B4A-11D0-8D11-00A0C91BC942}") = "finding_sensors", "finding_sensors.vcxproj", "{5153A0A3-1B11-34C7-A77B-C568E9EE88E8}"
	ProjectSection(ProjectDependencies) = postProject
		{DFF24D80-38E3-3964-B161-F539EF294BE1} = {DFF24D80-38E3-3964-B161-F539EF294BE1}
	EndProjectSection
EndProject
Project("{8BC9CEB8-8B4A-11D0-8D11-00A0C91BC942}") = "proglib-c", "..\..\..\..\projects\vs2013\proglib-c.vcxproj", "{DFF24D80-38E3-3964-B161-F539EF294BE1}"
	ProjectSection(ProjectDependencies) = postProject
	EndProjectSection
EndProject
Global
	GlobalSection(SolutionConfigurationPlatforms) = preSolution
		Debug|Win32 = Debug|Win32
		Release|Win32 = Release|Win32
		MinSizeRel|Win32 = MinSizeRel|Win32
		RelWithDebInfo|Win32 = RelWithDebInfo|Win32
	EndGlobalSection
	GlobalSection(ProjectConfigurationPlatforms) = postSolution
		{99FBD337-B18F-33CC-8AAA-FAE876530195}.Debug|Win32.ActiveCfg = Debug|Win32
		{99FBD337-B18F-33CC-8AAA-FAE876530195}.Release|Win32.ActiveCfg = Release|Win32
		{99FBD337-B18F-33CC-8AAA-FAE876530195}.MinSizeRel|Win32.ActiveCfg = MinSizeRel|Win32
		{99FBD337-B18F-33CC-8AAA-FAE876530195}.RelWithDebInfo|Win32.ActiveCfg = RelWithDebInfo|Win32
		{5153A0A3-1B11-34C7-A77B-C568E9EE88E8}.Debug|Win32.ActiveCfg = Debug|Win32
		{5153A0A3-1B11-34C7-A77B-C568E9EE88E8}.Debug|Win32.Build.0 = Debug|Win32
		{5153A0A3-1B11-34C7-A77B-C568E9EE88E8}.Release|Win32.ActiveCfg = Release|Win32
		{5153A0A3-1B11-34C7-A77B-C568E9EE88E8}.Release|Win32.Build.0 = Release|Win32
		{5153A0A3-1B11-34C7-A77B-C568E9EE88E8}.MinSizeRel|Win32.ActiveCfg = MinSizeRel|Win32
		{5153A0A3-1B11-34C7-A77B-C568E9EE88E8}.MinSizeRel|Win32.Build.0 = MinSizeRel|Win32
		{5153A0A3-1B11-34C7-A77B-C568E9EE88E8}.RelWithDebInfo|Win32.ActiveCfg = RelWithDebInfo|Win32
		{5153A0A3-1B11-34C7-A77B-C568E9EE88E8}.RelWithDebInfo|Win32.Build.0 = RelWithDebInfo|Win32
		{DFF24D80-38E3-3964-B161-F539EF294BE1}.Debug|Win32.ActiveCfg = Debug|Win32
		{DFF24D80-38E3-3964-B161-F539EF294BE1}.Debug|Win32.Build.0 = Debug|Win32
		{DFF24D80-38E3-3964-B161-F539EF294BE1}.Release|Win32.ActiveCfg = Release|Win32
		{DFF24D80-38E3-3964-B161-F539EF294BE1}.Release|Win32.Build.0 = Release|Win32
		{DFF24D80-38E3-3964-B161-F539EF294BE1}.MinSizeRel|Win32.ActiveCfg = MinSizeRel|Win32
		{DFF24D80-38E3-3964-B161-F539EF294BE1}.MinSizeRel|Win32.Build.0 = MinSizeRel|Win32
		{DFF24D80-38E3-3964-B161-F539EF294BE1}.RelWithDebInfo|Win32.ActiveCfg = RelWithDebInfo|Win32
		{DFF24D80-38E3-3964-B161-F539EF294BE1}.RelWithDebInfo|Win32.Build.0 = RelWithDebInfo|Win32
	EndGlobalSection
	GlobalSection(ExtensibilityGlobals) = postSolution
	EndGlobalSection
	GlobalSection(ExtensibilityAddIns) = postSolution
	EndGlobalSection
EndGlobal
