Microsoft Visual Studio Solution File, Format Version 10.00
# Visual Studio 2008
Project("{8BC9CEB8-8B4A-11D0-8D11-00A0C91BC942}") = "getting_started", "getting_started.vcproj", "{A64B0B83-DBC7-32A4-9E1C-0074AE513E33}"
	ProjectSection(ProjectDependencies) = postProject
		{DFF24D80-38E3-3964-B161-F539EF294BE1} = {DFF24D80-38E3-3964-B161-F539EF294BE1}
	EndProjectSection
EndProject
Project("{8BC9CEB8-8B4A-11D0-8D11-00A0C91BC942}") = "proglib-c", "..\..\..\..\projects\vs2008\proglib-c.vcproj", "{DFF24D80-38E3-3964-B161-F539EF294BE1}"
	ProjectSection(ProjectDependencies) = postProject
	EndProjectSection
EndProject
Global
	GlobalSection(SolutionConfigurationPlatforms) = preSolution
		Debug|Win32 = Debug|Win32
		Release|Win32 = Release|Win32
		MinSizeRel|Win32 = MinSizeRel|Win32
		RelWithDebInfo|Win32 = RelWithDebInfo|Win32
	EndGlobalSection
	GlobalSection(ProjectConfigurationPlatforms) = postSolution
		{283E6BC0-AEFE-3A06-8B07-B4F3754B8411}.Debug|Win32.ActiveCfg = Debug|Win32
		{283E6BC0-AEFE-3A06-8B07-B4F3754B8411}.Release|Win32.ActiveCfg = Release|Win32
		{283E6BC0-AEFE-3A06-8B07-B4F3754B8411}.MinSizeRel|Win32.ActiveCfg = MinSizeRel|Win32
		{283E6BC0-AEFE-3A06-8B07-B4F3754B8411}.RelWithDebInfo|Win32.ActiveCfg = RelWithDebInfo|Win32
		{A64B0B83-DBC7-32A4-9E1C-0074AE513E33}.Debug|Win32.ActiveCfg = Debug|Win32
		{A64B0B83-DBC7-32A4-9E1C-0074AE513E33}.Debug|Win32.Build.0 = Debug|Win32
		{A64B0B83-DBC7-32A4-9E1C-0074AE513E33}.Release|Win32.ActiveCfg = Release|Win32
		{A64B0B83-DBC7-32A4-9E1C-0074AE513E33}.Release|Win32.Build.0 = Release|Win32
		{A64B0B83-DBC7-32A4-9E1C-0074AE513E33}.MinSizeRel|Win32.ActiveCfg = MinSizeRel|Win32
		{A64B0B83-DBC7-32A4-9E1C-0074AE513E33}.MinSizeRel|Win32.Build.0 = MinSizeRel|Win32
		{A64B0B83-DBC7-32A4-9E1C-0074AE513E33}.RelWithDebInfo|Win32.ActiveCfg = RelWithDebInfo|Win32
		{A64B0B83-DBC7-32A4-9E1C-0074AE513E33}.RelWithDebInfo|Win32.Build.0 = RelWithDebInfo|Win32
		{DFF24D80-38E3-3964-B161-F539EF294BE1}.Debug|Win32.ActiveCfg = Debug|Win32
		{DFF24D80-38E3-3964-B161-F539EF294BE1}.Debug|Win32.Build.0 = Debug|Win32
		{DFF24D80-38E3-3964-B161-F539EF294BE1}.Release|Win32.ActiveCfg = Release|Win32
		{DFF24D80-38E3-3964-B161-F539EF294BE1}.Release|Win32.Build.0 = Release|Win32
		{DFF24D80-38E3-3964-B161-F539EF294BE1}.MinSizeRel|Win32.ActiveCfg = MinSizeRel|Win32
		{DFF24D80-38E3-3964-B161-F539EF294BE1}.MinSizeRel|Win32.Build.0 = MinSizeRel|Win32
		{DFF24D80-38E3-3964-B161-F539EF294BE1}.RelWithDebInfo|Win32.ActiveCfg = RelWithDebInfo|Win32
		{DFF24D80-38E3-3964-B161-F539EF294BE1}.RelWithDebInfo|Win32.Build.0 = RelWithDebInfo|Win32
	EndGlobalSection
	GlobalSection(ExtensibilityGlobals) = postSolution
	EndGlobalSection
	GlobalSection(ExtensibilityAddIns) = postSolution
	EndGlobalSection
EndGlobal
