Microsoft Visual Studio Solution File, Format Version 11.00
# Visual Studio 2010
Project("{8BC9CEB8-8B4A-11D0-8D11-00A0C91BC942}") = "proglib-c", "..\..\..\..\projects\vs2010\proglib-c.vcxproj", "{DFF24D80-38E3-3964-B161-F539EF294BE1}"
	ProjectSection(ProjectDependencies) = postProject
	EndProjectSection
EndProject
Project("{8BC9CEB8-8B4A-11D0-8D11-00A0C91BC942}") = "sensor", "sensor.vcxproj", "{C7FD9447-D573-38C9-ABF7-1623A9CDDB1E}"
	ProjectSection(ProjectDependencies) = postProject
		{DFF24D80-38E3-3964-B161-F539EF294BE1} = {DFF24D80-38E3-3964-B161-F539EF294BE1}
	EndProjectSection
EndProject
Global
	GlobalSection(SolutionConfigurationPlatforms) = preSolution
		Debug|Win32 = Debug|Win32
		Release|Win32 = Release|Win32
		MinSizeRel|Win32 = MinSizeRel|Win32
		RelWithDebInfo|Win32 = RelWithDebInfo|Win32
	EndGlobalSection
	GlobalSection(ProjectConfigurationPlatforms) = postSolution
		{C959312C-8683-3A12-9563-D7EDA07CC002}.Debug|Win32.ActiveCfg = Debug|Win32
		{C959312C-8683-3A12-9563-D7EDA07CC002}.Release|Win32.ActiveCfg = Release|Win32
		{C959312C-8683-3A12-9563-D7EDA07CC002}.MinSizeRel|Win32.ActiveCfg = MinSizeRel|Win32
		{C959312C-8683-3A12-9563-D7EDA07CC002}.RelWithDebInfo|Win32.ActiveCfg = RelWithDebInfo|Win32
		{DFF24D80-38E3-3964-B161-F539EF294BE1}.Debug|Win32.ActiveCfg = Debug|Win32
		{DFF24D80-38E3-3964-B161-F539EF294BE1}.Debug|Win32.Build.0 = Debug|Win32
		{DFF24D80-38E3-3964-B161-F539EF294BE1}.Release|Win32.ActiveCfg = Release|Win32
		{DFF24D80-38E3-3964-B161-F539EF294BE1}.Release|Win32.Build.0 = Release|Win32
		{DFF24D80-38E3-3964-B161-F539EF294BE1}.MinSizeRel|Win32.ActiveCfg = MinSizeRel|Win32
		{DFF24D80-38E3-3964-B161-F539EF294BE1}.MinSizeRel|Win32.Build.0 = MinSizeRel|Win32
		{DFF24D80-38E3-3964-B161-F539EF294BE1}.RelWithDebInfo|Win32.ActiveCfg = RelWithDebInfo|Win32
		{DFF24D80-38E3-3964-B161-F539EF294BE1}.RelWithDebInfo|Win32.Build.0 = RelWithDebInfo|Win32
		{C7FD9447-D573-38C9-ABF7-1623A9CDDB1E}.Debug|Win32.ActiveCfg = Debug|Win32
		{C7FD9447-D573-38C9-ABF7-1623A9CDDB1E}.Debug|Win32.Build.0 = Debug|Win32
		{C7FD9447-D573-38C9-ABF7-1623A9CDDB1E}.Release|Win32.ActiveCfg = Release|Win32
		{C7FD9447-D573-38C9-ABF7-1623A9CDDB1E}.Release|Win32.Build.0 = Release|Win32
		{C7FD9447-D573-38C9-ABF7-1623A9CDDB1E}.MinSizeRel|Win32.ActiveCfg = MinSizeRel|Win32
		{C7FD9447-D573-38C9-ABF7-1623A9CDDB1E}.MinSizeRel|Win32.Build.0 = MinSizeRel|Win32
		{C7FD9447-D573-38C9-ABF7-1623A9CDDB1E}.RelWithDebInfo|Win32.ActiveCfg = RelWithDebInfo|Win32
		{C7FD9447-D573-38C9-ABF7-1623A9CDDB1E}.RelWithDebInfo|Win32.Build.0 = RelWithDebInfo|Win32
	EndGlobalSection
	GlobalSection(ExtensibilityGlobals) = postSolution
	EndGlobalSection
	GlobalSection(ExtensibilityAddIns) = postSolution
	EndGlobalSection
EndGlobal
