Microsoft Visual Studio Solution File, Format Version 10.00
# Visual Studio 2008
Project("{8BC9CEB8-8B4A-11D0-8D11-00A0C91BC942}") = "math", "math.vcproj", "{014E2052-0578-3A96-8C3E-F27E6AE60511}"
	ProjectSection(ProjectDependencies) = postProject
		{0757283C-1D80-380D-97B9-0BBA31262C6A} = {0757283C-1D80-380D-97B9-0BBA31262C6A}
	EndProjectSection
EndProject
Project("{8BC9CEB8-8B4A-11D0-8D11-00A0C91BC942}") = "proglib-cpp", "..\..\..\..\projects\vs2008\proglib-cpp.vcproj", "{0757283C-1D80-380D-97B9-0BBA31262C6A}"
	ProjectSection(ProjectDependencies) = postProject
	EndProjectSection
EndProject
Global
	GlobalSection(SolutionConfigurationPlatforms) = preSolution
		Debug|Win32 = Debug|Win32
		Release|Win32 = Release|Win32
		MinSizeRel|Win32 = MinSizeRel|Win32
		RelWithDebInfo|Win32 = RelWithDebInfo|Win32
	EndGlobalSection
	GlobalSection(ProjectConfigurationPlatforms) = postSolution
		{2DFC264B-BAF0-35B9-961E-A8E228D004AF}.Debug|Win32.ActiveCfg = Debug|Win32
		{2DFC264B-BAF0-35B9-961E-A8E228D004AF}.Release|Win32.ActiveCfg = Release|Win32
		{2DFC264B-BAF0-35B9-961E-A8E228D004AF}.MinSizeRel|Win32.ActiveCfg = MinSizeRel|Win32
		{2DFC264B-BAF0-35B9-961E-A8E228D004AF}.RelWithDebInfo|Win32.ActiveCfg = RelWithDebInfo|Win32
		{014E2052-0578-3A96-8C3E-F27E6AE60511}.Debug|Win32.ActiveCfg = Debug|Win32
		{014E2052-0578-3A96-8C3E-F27E6AE60511}.Debug|Win32.Build.0 = Debug|Win32
		{014E2052-0578-3A96-8C3E-F27E6AE60511}.Release|Win32.ActiveCfg = Release|Win32
		{014E2052-0578-3A96-8C3E-F27E6AE60511}.Release|Win32.Build.0 = Release|Win32
		{014E2052-0578-3A96-8C3E-F27E6AE60511}.MinSizeRel|Win32.ActiveCfg = MinSizeRel|Win32
		{014E2052-0578-3A96-8C3E-F27E6AE60511}.MinSizeRel|Win32.Build.0 = MinSizeRel|Win32
		{014E2052-0578-3A96-8C3E-F27E6AE60511}.RelWithDebInfo|Win32.ActiveCfg = RelWithDebInfo|Win32
		{014E2052-0578-3A96-8C3E-F27E6AE60511}.RelWithDebInfo|Win32.Build.0 = RelWithDebInfo|Win32
		{0757283C-1D80-380D-97B9-0BBA31262C6A}.Debug|Win32.ActiveCfg = Debug|Win32
		{0757283C-1D80-380D-97B9-0BBA31262C6A}.Debug|Win32.Build.0 = Debug|Win32
		{0757283C-1D80-380D-97B9-0BBA31262C6A}.Release|Win32.ActiveCfg = Release|Win32
		{0757283C-1D80-380D-97B9-0BBA31262C6A}.Release|Win32.Build.0 = Release|Win32
		{0757283C-1D80-380D-97B9-0BBA31262C6A}.MinSizeRel|Win32.ActiveCfg = MinSizeRel|Win32
		{0757283C-1D80-380D-97B9-0BBA31262C6A}.MinSizeRel|Win32.Build.0 = MinSizeRel|Win32
		{0757283C-1D80-380D-97B9-0BBA31262C6A}.RelWithDebInfo|Win32.ActiveCfg = RelWithDebInfo|Win32
		{0757283C-1D80-380D-97B9-0BBA31262C6A}.RelWithDebInfo|Win32.Build.0 = RelWithDebInfo|Win32
	EndGlobalSection
	GlobalSection(NestedProjects) = preSolution
	EndGlobalSection
	GlobalSection(ExtensibilityGlobals) = postSolution
	EndGlobalSection
	GlobalSection(ExtensibilityAddIns) = postSolution
	EndGlobalSection
EndGlobal
