Microsoft Visual Studio Solution File, Format Version 10.00
# Visual Studio 2008
Project("{8BC9CEB8-8B4A-11D0-8D11-00A0C91BC942}") = "ez_async_data", "ez_async_data.vcproj", "{CBFE7AC9-4C6B-3F50-B582-A75A03172F88}"
	ProjectSection(ProjectDependencies) = postProject
		{0757283C-1D80-380D-97B9-0BBA31262C6A} = {0757283C-1D80-380D-97B9-0BBA31262C6A}
	EndProjectSection
EndProject
Project("{8BC9CEB8-8B4A-11D0-8D11-00A0C91BC942}") = "proglib-cpp", "..\..\..\..\projects\vs2008\proglib-cpp.vcproj", "{0757283C-1D80-380D-97B9-0BBA31262C6A}"
	ProjectSection(ProjectDependencies) = postProject
	EndProjectSection
EndProject
Global
	GlobalSection(SolutionConfigurationPlatforms) = preSolution
		Debug|Win32 = Debug|Win32
		Release|Win32 = Release|Win32
		MinSizeRel|Win32 = MinSizeRel|Win32
		RelWithDebInfo|Win32 = RelWithDebInfo|Win32
	EndGlobalSection
	GlobalSection(ProjectConfigurationPlatforms) = postSolution
		{7E93DC1C-837C-31B0-8649-55404888F9F7}.Debug|Win32.ActiveCfg = Debug|Win32
		{7E93DC1C-837C-31B0-8649-55404888F9F7}.Release|Win32.ActiveCfg = Release|Win32
		{7E93DC1C-837C-31B0-8649-55404888F9F7}.MinSizeRel|Win32.ActiveCfg = MinSizeRel|Win32
		{7E93DC1C-837C-31B0-8649-55404888F9F7}.RelWithDebInfo|Win32.ActiveCfg = RelWithDebInfo|Win32
		{CBFE7AC9-4C6B-3F50-B582-A75A03172F88}.Debug|Win32.ActiveCfg = Debug|Win32
		{CBFE7AC9-4C6B-3F50-B582-A75A03172F88}.Debug|Win32.Build.0 = Debug|Win32
		{CBFE7AC9-4C6B-3F50-B582-A75A03172F88}.Release|Win32.ActiveCfg = Release|Win32
		{CBFE7AC9-4C6B-3F50-B582-A75A03172F88}.Release|Win32.Build.0 = Release|Win32
		{CBFE7AC9-4C6B-3F50-B582-A75A03172F88}.MinSizeRel|Win32.ActiveCfg = MinSizeRel|Win32
		{CBFE7AC9-4C6B-3F50-B582-A75A03172F88}.MinSizeRel|Win32.Build.0 = MinSizeRel|Win32
		{CBFE7AC9-4C6B-3F50-B582-A75A03172F88}.RelWithDebInfo|Win32.ActiveCfg = RelWithDebInfo|Win32
		{CBFE7AC9-4C6B-3F50-B582-A75A03172F88}.RelWithDebInfo|Win32.Build.0 = RelWithDebInfo|Win32
		{0757283C-1D80-380D-97B9-0BBA31262C6A}.Debug|Win32.ActiveCfg = Debug|Win32
		{0757283C-1D80-380D-97B9-0BBA31262C6A}.Debug|Win32.Build.0 = Debug|Win32
		{0757283C-1D80-380D-97B9-0BBA31262C6A}.Release|Win32.ActiveCfg = Release|Win32
		{0757283C-1D80-380D-97B9-0BBA31262C6A}.Release|Win32.Build.0 = Release|Win32
		{0757283C-1D80-380D-97B9-0BBA31262C6A}.MinSizeRel|Win32.ActiveCfg = MinSizeRel|Win32
		{0757283C-1D80-380D-97B9-0BBA31262C6A}.MinSizeRel|Win32.Build.0 = MinSizeRel|Win32
		{0757283C-1D80-380D-97B9-0BBA31262C6A}.RelWithDebInfo|Win32.ActiveCfg = RelWithDebInfo|Win32
		{0757283C-1D80-380D-97B9-0BBA31262C6A}.RelWithDebInfo|Win32.Build.0 = RelWithDebInfo|Win32
	EndGlobalSection
	GlobalSection(NestedProjects) = preSolution
	EndGlobalSection
	GlobalSection(ExtensibilityGlobals) = postSolution
	EndGlobalSection
	GlobalSection(ExtensibilityAddIns) = postSolution
	EndGlobalSection
EndGlobal
