Microsoft Visual Studio Solution File, Format Version 11.00
# Visual Studio 2010
Project("{8BC9CEB8-8B4A-11D0-8D11-00A0C91BC942}") = "ez_async_data", "ez_async_data.vcxproj", "{C02D4A71-B727-3272-921D-2E29C3332795}"
	ProjectSection(ProjectDependencies) = postProject
		{DFF24D80-38E3-3964-B161-F539EF294BE1} = {DFF24D80-38E3-3964-B161-F539EF294BE1}
	EndProjectSection
EndProject
Project("{8BC9CEB8-8B4A-11D0-8D11-00A0C91BC942}") = "proglib-c", "..\..\..\..\projects\vs2010\proglib-c.vcxproj", "{DFF24D80-38E3-3964-B161-F539EF294BE1}"
	ProjectSection(ProjectDependencies) = postProject
	EndProjectSection
EndProject
Global
	GlobalSection(SolutionConfigurationPlatforms) = preSolution
		Debug|Win32 = Debug|Win32
		Release|Win32 = Release|Win32
		MinSizeRel|Win32 = MinSizeRel|Win32
		RelWithDebInfo|Win32 = RelWithDebInfo|Win32
	EndGlobalSection
	GlobalSection(ProjectConfigurationPlatforms) = postSolution
		{B1BFD627-6E62-3740-B79B-B3EAE76B4999}.Debug|Win32.ActiveCfg = Debug|Win32
		{B1BFD627-6E62-3740-B79B-B3EAE76B4999}.Release|Win32.ActiveCfg = Release|Win32
		{B1BFD627-6E62-3740-B79B-B3EAE76B4999}.MinSizeRel|Win32.ActiveCfg = MinSizeRel|Win32
		{B1BFD627-6E62-3740-B79B-B3EAE76B4999}.RelWithDebInfo|Win32.ActiveCfg = RelWithDebInfo|Win32
		{C02D4A71-B727-3272-921D-2E29C3332795}.Debug|Win32.ActiveCfg = Debug|Win32
		{C02D4A71-B727-3272-921D-2E29C3332795}.Debug|Win32.Build.0 = Debug|Win32
		{C02D4A71-B727-3272-921D-2E29C3332795}.Release|Win32.ActiveCfg = Release|Win32
		{C02D4A71-B727-3272-921D-2E29C3332795}.Release|Win32.Build.0 = Release|Win32
		{C02D4A71-B727-3272-921D-2E29C3332795}.MinSizeRel|Win32.ActiveCfg = MinSizeRel|Win32
		{C02D4A71-B727-3272-921D-2E29C3332795}.MinSizeRel|Win32.Build.0 = MinSizeRel|Win32
		{C02D4A71-B727-3272-921D-2E29C3332795}.RelWithDebInfo|Win32.ActiveCfg = RelWithDebInfo|Win32
		{C02D4A71-B727-3272-921D-2E29C3332795}.RelWithDebInfo|Win32.Build.0 = RelWithDebInfo|Win32
		{DFF24D80-38E3-3964-B161-F539EF294BE1}.Debug|Win32.ActiveCfg = Debug|Win32
		{DFF24D80-38E3-3964-B161-F539EF294BE1}.Debug|Win32.Build.0 = Debug|Win32
		{DFF24D80-38E3-3964-B161-F539EF294BE1}.Release|Win32.ActiveCfg = Release|Win32
		{DFF24D80-38E3-3964-B161-F539EF294BE1}.Release|Win32.Build.0 = Release|Win32
		{DFF24D80-38E3-3964-B161-F539EF294BE1}.MinSizeRel|Win32.ActiveCfg = MinSizeRel|Win32
		{DFF24D80-38E3-3964-B161-F539EF294BE1}.MinSizeRel|Win32.Build.0 = MinSizeRel|Win32
		{DFF24D80-38E3-3964-B161-F539EF294BE1}.RelWithDebInfo|Win32.ActiveCfg = RelWithDebInfo|Win32
		{DFF24D80-38E3-3964-B161-F539EF294BE1}.RelWithDebInfo|Win32.Build.0 = RelWithDebInfo|Win32
	EndGlobalSection
	GlobalSection(ExtensibilityGlobals) = postSolution
	EndGlobalSection
	GlobalSection(ExtensibilityAddIns) = postSolution
	EndGlobalSection
EndGlobal
