Microsoft Visual Studio Solution File, Format Version 11.00
# Visual Studio 2010
Project("{8BC9CEB8-8B4A-11D0-8D11-00A0C91BC942}") = "ez_async_data", "ez_async_data.vcxproj", "{5139D254-22CF-3B3D-BA3F-FE9F49941A85}"
	ProjectSection(ProjectDependencies) = postProject
		{0757283C-1D80-380D-97B9-0BBA31262C6A} = {0757283C-1D80-380D-97B9-0BBA31262C6A}
	EndProjectSection
EndProject
Project("{8BC9CEB8-8B4A-11D0-8D11-00A0C91BC942}") = "proglib-cpp", "..\..\..\..\projects\vs2010\proglib-cpp.vcxproj", "{0757283C-1D80-380D-97B9-0BBA31262C6A}"
	ProjectSection(ProjectDependencies) = postProject
	EndProjectSection
EndProject
Global
	GlobalSection(SolutionConfigurationPlatforms) = preSolution
		Debug|Win32 = Debug|Win32
		Release|Win32 = Release|Win32
		MinSizeRel|Win32 = MinSizeRel|Win32
		RelWithDebInfo|Win32 = RelWithDebInfo|Win32
	EndGlobalSection
	GlobalSection(ProjectConfigurationPlatforms) = postSolution
		{264BC67E-9076-394E-ADDE-E7C93EEC390A}.Debug|Win32.ActiveCfg = Debug|Win32
		{264BC67E-9076-394E-ADDE-E7C93EEC390A}.Release|Win32.ActiveCfg = Release|Win32
		{264BC67E-9076-394E-ADDE-E7C93EEC390A}.MinSizeRel|Win32.ActiveCfg = MinSizeRel|Win32
		{264BC67E-9076-394E-ADDE-E7C93EEC390A}.RelWithDebInfo|Win32.ActiveCfg = RelWithDebInfo|Win32
		{5139D254-22CF-3B3D-BA3F-FE9F49941A85}.Debug|Win32.ActiveCfg = Debug|Win32
		{5139D254-22CF-3B3D-BA3F-FE9F49941A85}.Debug|Win32.Build.0 = Debug|Win32
		{5139D254-22CF-3B3D-BA3F-FE9F49941A85}.Release|Win32.ActiveCfg = Release|Win32
		{5139D254-22CF-3B3D-BA3F-FE9F49941A85}.Release|Win32.Build.0 = Release|Win32
		{5139D254-22CF-3B3D-BA3F-FE9F49941A85}.MinSizeRel|Win32.ActiveCfg = MinSizeRel|Win32
		{5139D254-22CF-3B3D-BA3F-FE9F49941A85}.MinSizeRel|Win32.Build.0 = MinSizeRel|Win32
		{5139D254-22CF-3B3D-BA3F-FE9F49941A85}.RelWithDebInfo|Win32.ActiveCfg = RelWithDebInfo|Win32
		{5139D254-22CF-3B3D-BA3F-FE9F49941A85}.RelWithDebInfo|Win32.Build.0 = RelWithDebInfo|Win32
		{0757283C-1D80-380D-97B9-0BBA31262C6A}.Debug|Win32.ActiveCfg = Debug|Win32
		{0757283C-1D80-380D-97B9-0BBA31262C6A}.Debug|Win32.Build.0 = Debug|Win32
		{0757283C-1D80-380D-97B9-0BBA31262C6A}.Release|Win32.ActiveCfg = Release|Win32
		{0757283C-1D80-380D-97B9-0BBA31262C6A}.Release|Win32.Build.0 = Release|Win32
		{0757283C-1D80-380D-97B9-0BBA31262C6A}.MinSizeRel|Win32.ActiveCfg = MinSizeRel|Win32
		{0757283C-1D80-380D-97B9-0BBA31262C6A}.MinSizeRel|Win32.Build.0 = MinSizeRel|Win32
		{0757283C-1D80-380D-97B9-0BBA31262C6A}.RelWithDebInfo|Win32.ActiveCfg = RelWithDebInfo|Win32
		{0757283C-1D80-380D-97B9-0BBA31262C6A}.RelWithDebInfo|Win32.Build.0 = RelWithDebInfo|Win32
	EndGlobalSection
	GlobalSection(NestedProjects) = preSolution
	EndGlobalSection
	GlobalSection(ExtensibilityGlobals) = postSolution
	EndGlobalSection
	GlobalSection(ExtensibilityAddIns) = postSolution
	EndGlobalSection
EndGlobal
