Microsoft Visual Studio Solution File, Format Version 10.00
# Visual Studio 2008
Project("{8BC9CEB8-8B4A-11D0-8D11-00A0C91BC942}") = "finding_sensors", "finding_sensors.vcproj", "{416D3C56-0CDA-35B8-965D-C958CE834F50}"
	ProjectSection(ProjectDependencies) = postProject
		{DFF24D80-38E3-3964-B161-F539EF294BE1} = {DFF24D80-38E3-3964-B161-F539EF294BE1}
	EndProjectSection
EndProject
Project("{8BC9CEB8-8B4A-11D0-8D11-00A0C91BC942}") = "proglib-c", "..\..\..\..\projects\vs2008\proglib-c.vcproj", "{DFF24D80-38E3-3964-B161-F539EF294BE1}"
	ProjectSection(ProjectDependencies) = postProject
	EndProjectSection
EndProject
Global
	GlobalSection(SolutionConfigurationPlatforms) = preSolution
		Debug|Win32 = Debug|Win32
		Release|Win32 = Release|Win32
		MinSizeRel|Win32 = MinSizeRel|Win32
		RelWithDebInfo|Win32 = RelWithDebInfo|Win32
	EndGlobalSection
	GlobalSection(ProjectConfigurationPlatforms) = postSolution
		{9BFEAC9D-8B0B-3AF5-AE55-343DDA2DFF7D}.Debug|Win32.ActiveCfg = Debug|Win32
		{9BFEAC9D-8B0B-3AF5-AE55-343DDA2DFF7D}.Release|Win32.ActiveCfg = Release|Win32
		{9BFEAC9D-8B0B-3AF5-AE55-343DDA2DFF7D}.MinSizeRel|Win32.ActiveCfg = MinSizeRel|Win32
		{9BFEAC9D-8B0B-3AF5-AE55-343DDA2DFF7D}.RelWithDebInfo|Win32.ActiveCfg = RelWithDebInfo|Win32
		{416D3C56-0CDA-35B8-965D-C958CE834F50}.Debug|Win32.ActiveCfg = Debug|Win32
		{416D3C56-0CDA-35B8-965D-C958CE834F50}.Debug|Win32.Build.0 = Debug|Win32
		{416D3C56-0CDA-35B8-965D-C958CE834F50}.Release|Win32.ActiveCfg = Release|Win32
		{416D3C56-0CDA-35B8-965D-C958CE834F50}.Release|Win32.Build.0 = Release|Win32
		{416D3C56-0CDA-35B8-965D-C958CE834F50}.MinSizeRel|Win32.ActiveCfg = MinSizeRel|Win32
		{416D3C56-0CDA-35B8-965D-C958CE834F50}.MinSizeRel|Win32.Build.0 = MinSizeRel|Win32
		{416D3C56-0CDA-35B8-965D-C958CE834F50}.RelWithDebInfo|Win32.ActiveCfg = RelWithDebInfo|Win32
		{416D3C56-0CDA-35B8-965D-C958CE834F50}.RelWithDebInfo|Win32.Build.0 = RelWithDebInfo|Win32
		{DFF24D80-38E3-3964-B161-F539EF294BE1}.Debug|Win32.ActiveCfg = Debug|Win32
		{DFF24D80-38E3-3964-B161-F539EF294BE1}.Debug|Win32.Build.0 = Debug|Win32
		{DFF24D80-38E3-3964-B161-F539EF294BE1}.Release|Win32.ActiveCfg = Release|Win32
		{DFF24D80-38E3-3964-B161-F539EF294BE1}.Release|Win32.Build.0 = Release|Win32
		{DFF24D80-38E3-3964-B161-F539EF294BE1}.MinSizeRel|Win32.ActiveCfg = MinSizeRel|Win32
		{DFF24D80-38E3-3964-B161-F539EF294BE1}.MinSizeRel|Win32.Build.0 = MinSizeRel|Win32
		{DFF24D80-38E3-3964-B161-F539EF294BE1}.RelWithDebInfo|Win32.ActiveCfg = RelWithDebInfo|Win32
		{DFF24D80-38E3-3964-B161-F539EF294BE1}.RelWithDebInfo|Win32.Build.0 = RelWithDebInfo|Win32
	EndGlobalSection
	GlobalSection(ExtensibilityGlobals) = postSolution
	EndGlobalSection
	GlobalSection(ExtensibilityAddIns) = postSolution
	EndGlobalSection
EndGlobal
