Microsoft Visual Studio Solution File, Format Version 12.00
# Visual Studio 2012
Project("{8BC9CEB8-8B4A-11D0-8D11-00A0C91BC942}") = "getting_started", "getting_started.vcxproj", "{9CDA1BE3-6276-3989-834A-A5959BDE6D96}"
	ProjectSection(ProjectDependencies) = postProject
		{0757283C-1D80-380D-97B9-0BBA31262C6A} = {0757283C-1D80-380D-97B9-0BBA31262C6A}
	EndProjectSection
EndProject
Project("{8BC9CEB8-8B4A-11D0-8D11-00A0C91BC942}") = "proglib-cpp", "..\..\..\..\projects\vs2012\proglib-cpp.vcxproj", "{0757283C-1D80-380D-97B9-0BBA31262C6A}"
	ProjectSection(ProjectDependencies) = postProject
	EndProjectSection
EndProject
Global
	GlobalSection(SolutionConfigurationPlatforms) = preSolution
		Debug|Win32 = Debug|Win32
		Release|Win32 = Release|Win32
		MinSizeRel|Win32 = MinSizeRel|Win32
		RelWithDebInfo|Win32 = RelWithDebInfo|Win32
	EndGlobalSection
	GlobalSection(ProjectConfigurationPlatforms) = postSolution
		{7B7189C7-EFDC-3B44-B24F-D2AF5FCDC0BD}.Debug|Win32.ActiveCfg = Debug|Win32
		{7B7189C7-EFDC-3B44-B24F-D2AF5FCDC0BD}.Release|Win32.ActiveCfg = Release|Win32
		{7B7189C7-EFDC-3B44-B24F-D2AF5FCDC0BD}.MinSizeRel|Win32.ActiveCfg = MinSizeRel|Win32
		{7B7189C7-EFDC-3B44-B24F-D2AF5FCDC0BD}.RelWithDebInfo|Win32.ActiveCfg = RelWithDebInfo|Win32
		{9CDA1BE3-6276-3989-834A-A5959BDE6D96}.Debug|Win32.ActiveCfg = Debug|Win32
		{9CDA1BE3-6276-3989-834A-A5959BDE6D96}.Debug|Win32.Build.0 = Debug|Win32
		{9CDA1BE3-6276-3989-834A-A5959BDE6D96}.Release|Win32.ActiveCfg = Release|Win32
		{9CDA1BE3-6276-3989-834A-A5959BDE6D96}.Release|Win32.Build.0 = Release|Win32
		{9CDA1BE3-6276-3989-834A-A5959BDE6D96}.MinSizeRel|Win32.ActiveCfg = MinSizeRel|Win32
		{9CDA1BE3-6276-3989-834A-A5959BDE6D96}.MinSizeRel|Win32.Build.0 = MinSizeRel|Win32
		{9CDA1BE3-6276-3989-834A-A5959BDE6D96}.RelWithDebInfo|Win32.ActiveCfg = RelWithDebInfo|Win32
		{9CDA1BE3-6276-3989-834A-A5959BDE6D96}.RelWithDebInfo|Win32.Build.0 = RelWithDebInfo|Win32
		{0757283C-1D80-380D-97B9-0BBA31262C6A}.Debug|Win32.ActiveCfg = Debug|Win32
		{0757283C-1D80-380D-97B9-0BBA31262C6A}.Debug|Win32.Build.0 = Debug|Win32
		{0757283C-1D80-380D-97B9-0BBA31262C6A}.Release|Win32.ActiveCfg = Release|Win32
		{0757283C-1D80-380D-97B9-0BBA31262C6A}.Release|Win32.Build.0 = Release|Win32
		{0757283C-1D80-380D-97B9-0BBA31262C6A}.MinSizeRel|Win32.ActiveCfg = MinSizeRel|Win32
		{0757283C-1D80-380D-97B9-0BBA31262C6A}.MinSizeRel|Win32.Build.0 = MinSizeRel|Win32
		{0757283C-1D80-380D-97B9-0BBA31262C6A}.RelWithDebInfo|Win32.ActiveCfg = RelWithDebInfo|Win32
		{0757283C-1D80-380D-97B9-0BBA31262C6A}.RelWithDebInfo|Win32.Build.0 = RelWithDebInfo|Win32
	EndGlobalSection
	GlobalSection(NestedProjects) = preSolution
	EndGlobalSection
	GlobalSection(ExtensibilityGlobals) = postSolution
	EndGlobalSection
	GlobalSection(ExtensibilityAddIns) = postSolution
	EndGlobalSection
EndGlobal
