Microsoft Visual Studio Solution File, Format Version 12.00
# Visual Studio 2012
Project("{8BC9CEB8-8B4A-11D0-8D11-00A0C91BC942}") = "proglib-c", "..\..\..\..\projects\vs2012\proglib-c.vcxproj", "{DFF24D80-38E3-3964-B161-F539EF294BE1}"
	ProjectSection(ProjectDependencies) = postProject
	EndProjectSection
EndProject
Project("{8BC9CEB8-8B4A-11D0-8D11-00A0C91BC942}") = "spi", "spi.vcxproj", "{532C08D1-4E78-3B52-BFED-7CD1CF82FFAD}"
	ProjectSection(ProjectDependencies) = postProject
		{DFF24D80-38E3-3964-B161-F539EF294BE1} = {DFF24D80-38E3-3964-B161-F539EF294BE1}
	EndProjectSection
EndProject
Global
	GlobalSection(SolutionConfigurationPlatforms) = preSolution
		Debug|Win32 = Debug|Win32
		Release|Win32 = Release|Win32
		MinSizeRel|Win32 = MinSizeRel|Win32
		RelWithDebInfo|Win32 = RelWithDebInfo|Win32
	EndGlobalSection
	GlobalSection(ProjectConfigurationPlatforms) = postSolution
		{6D76348D-3648-3952-9C17-64D735BCF65E}.Debug|Win32.ActiveCfg = Debug|Win32
		{6D76348D-3648-3952-9C17-64D735BCF65E}.Release|Win32.ActiveCfg = Release|Win32
		{6D76348D-3648-3952-9C17-64D735BCF65E}.MinSizeRel|Win32.ActiveCfg = MinSizeRel|Win32
		{6D76348D-3648-3952-9C17-64D735BCF65E}.RelWithDebInfo|Win32.ActiveCfg = RelWithDebInfo|Win32
		{DFF24D80-38E3-3964-B161-F539EF294BE1}.Debug|Win32.ActiveCfg = Debug|Win32
		{DFF24D80-38E3-3964-B161-F539EF294BE1}.Debug|Win32.Build.0 = Debug|Win32
		{DFF24D80-38E3-3964-B161-F539EF294BE1}.Release|Win32.ActiveCfg = Release|Win32
		{DFF24D80-38E3-3964-B161-F539EF294BE1}.Release|Win32.Build.0 = Release|Win32
		{DFF24D80-38E3-3964-B161-F539EF294BE1}.MinSizeRel|Win32.ActiveCfg = MinSizeRel|Win32
		{DFF24D80-38E3-3964-B161-F539EF294BE1}.MinSizeRel|Win32.Build.0 = MinSizeRel|Win32
		{DFF24D80-38E3-3964-B161-F539EF294BE1}.RelWithDebInfo|Win32.ActiveCfg = RelWithDebInfo|Win32
		{DFF24D80-38E3-3964-B161-F539EF294BE1}.RelWithDebInfo|Win32.Build.0 = RelWithDebInfo|Win32
		{532C08D1-4E78-3B52-BFED-7CD1CF82FFAD}.Debug|Win32.ActiveCfg = Debug|Win32
		{532C08D1-4E78-3B52-BFED-7CD1CF82FFAD}.Debug|Win32.Build.0 = Debug|Win32
		{532C08D1-4E78-3B52-BFED-7CD1CF82FFAD}.Release|Win32.ActiveCfg = Release|Win32
		{532C08D1-4E78-3B52-BFED-7CD1CF82FFAD}.Release|Win32.Build.0 = Release|Win32
		{532C08D1-4E78-3B52-BFED-7CD1CF82FFAD}.MinSizeRel|Win32.ActiveCfg = MinSizeRel|Win32
		{532C08D1-4E78-3B52-BFED-7CD1CF82FFAD}.MinSizeRel|Win32.Build.0 = MinSizeRel|Win32
		{532C08D1-4E78-3B52-BFED-7CD1CF82FFAD}.RelWithDebInfo|Win32.ActiveCfg = RelWithDebInfo|Win32
		{532C08D1-4E78-3B52-BFED-7CD1CF82FFAD}.RelWithDebInfo|Win32.Build.0 = RelWithDebInfo|Win32
	EndGlobalSection
	GlobalSection(ExtensibilityGlobals) = postSolution
	EndGlobalSection
	GlobalSection(ExtensibilityAddIns) = postSolution
	EndGlobalSection
EndGlobal
