<?xml version="1.0" encoding="UTF-8"?>
<Project ToolsVersion="12.0" xmlns="http://schemas.microsoft.com/developer/msbuild/2003">
  <ItemGroup>
    <ClCompile Include="..\..\src\vn\utilities.cpp" />
    <ClCompile Include="..\..\src\vn\event.cpp" />
    <ClCompile Include="..\..\src\vn\math\conversions.cpp">
      <Filter>math</Filter>
    </ClCompile>
    <ClCompile Include="..\..\src\vn\math\attitude.cpp">
      <Filter>math</Filter>
    </ClCompile>
    <ClCompile Include="..\..\src\vn\math\position.cpp">
      <Filter>math</Filter>
    </ClCompile>
    <ClCompile Include="..\..\src\vn\util\memoryport.cpp">
      <Filter>util</Filter>
    </ClCompile>
    <ClCompile Include="..\..\src\vn\data\error_detection.cpp">
      <Filter>data</Filter>
    </ClCompile>
    <ClCompile Include="..\..\src\vn\protocol\uart\types.cpp">
      <Filter>protocol\uart</Filter>
    </ClCompile>
    <ClCompile Include="..\..\src\vn\protocol\uart\util.cpp">
      <Filter>protocol\uart</Filter>
    </ClCompile>
    <ClCompile Include="..\..\src\vn\protocol\uart\packet.cpp">
      <Filter>protocol\uart</Filter>
    </ClCompile>
    <ClCompile Include="..\..\src\vn\protocol\uart\packetfinder.cpp">
      <Filter>protocol\uart</Filter>
    </ClCompile>
    <ClCompile Include="..\..\src\vn\sensors\sensors.cpp">
      <Filter>sensors</Filter>
    </ClCompile>
    <ClCompile Include="..\..\src\vn\sensors\searcher.cpp">
      <Filter>sensors</Filter>
    </ClCompile>
    <ClCompile Include="..\..\src\vn\sensors\compositedata.cpp">
      <Filter>sensors</Filter>
    </ClCompile>
    <ClCompile Include="..\..\src\vn\sensors\ezasyncdata.cpp">
      <Filter>sensors</Filter>
    </ClCompile>
    <ClCompile Include="..\..\src\vn\xplat\criticalsection.cpp">
      <Filter>xplat</Filter>
    </ClCompile>
    <ClCompile Include="..\..\src\vn\xplat\event.cpp">
      <Filter>xplat</Filter>
    </ClCompile>
    <ClCompile Include="..\..\src\vn\xplat\serialport.cpp">
      <Filter>xplat</Filter>
    </ClCompile>
    <ClCompile Include="..\..\src\vn\xplat\thread.cpp">
      <Filter>xplat</Filter>
    </ClCompile>
    <ClCompile Include="..\..\src\vn\xplat\time.cpp">
      <Filter>xplat</Filter>
    </ClCompile>
    <ClCompile Include="..\..\src\vn\xplat\port.cpp">
      <Filter>xplat</Filter>
    </ClCompile>
  </ItemGroup>
  <ItemGroup>
    <ClInclude Include="..\..\include\vn\exceptions.h" />
    <ClInclude Include="..\..\include\vn\int.h" />
    <ClInclude Include="..\..\include\vn\utilities.h" />
    <ClInclude Include="..\..\include\vn\event.h" />
    <ClInclude Include="..\..\include\vn\math\consts.h">
      <Filter>math</Filter>
    </ClInclude>
    <ClInclude Include="..\..\include\vn\math\math.h">
      <Filter>math</Filter>
    </ClInclude>
    <ClInclude Include="..\..\include\vn\math\conversions.h">
      <Filter>math</Filter>
    </ClInclude>
    <ClInclude Include="..\..\include\vn\math\vector.h">
      <Filter>math</Filter>
    </ClInclude>
    <ClInclude Include="..\..\include\vn\math\matrix.h">
      <Filter>math</Filter>
    </ClInclude>
    <ClInclude Include="..\..\include\vn\math\kinematics.h">
      <Filter>math</Filter>
    </ClInclude>
    <ClInclude Include="..\..\include\vn\math\attitude.h">
      <Filter>math</Filter>
    </ClInclude>
    <ClInclude Include="..\..\include\vn\math\position.h">
      <Filter>math</Filter>
    </ClInclude>
    <ClInclude Include="..\..\include\vn\util\export.h">
      <Filter>util</Filter>
    </ClInclude>
    <ClInclude Include="..\..\include\vn\util\boostpython.h">
      <Filter>util</Filter>
    </ClInclude>
    <ClInclude Include="..\..\include\vn\util\compiler.h">
      <Filter>util</Filter>
    </ClInclude>
    <ClInclude Include="..\..\include\vn\util\memoryport.h">
      <Filter>util</Filter>
    </ClInclude>
    <ClInclude Include="..\..\include\vn\util\nocopy.h">
      <Filter>util</Filter>
    </ClInclude>
    <ClInclude Include="..\..\include\vn\data\error_detection.h">
      <Filter>data</Filter>
    </ClInclude>
    <ClInclude Include="..\..\include\vn\protocol\uart\types.h">
      <Filter>protocol\uart</Filter>
    </ClInclude>
    <ClInclude Include="..\..\include\vn\protocol\uart\util.h">
      <Filter>protocol\uart</Filter>
    </ClInclude>
    <ClInclude Include="..\..\include\vn\protocol\uart\packet.h">
      <Filter>protocol\uart</Filter>
    </ClInclude>
    <ClInclude Include="..\..\include\vn\protocol\uart\packetfinder.h">
      <Filter>protocol\uart</Filter>
    </ClInclude>
    <ClInclude Include="..\..\include\vn\sensors\registers.h">
      <Filter>sensors</Filter>
    </ClInclude>
    <ClInclude Include="..\..\include\vn\sensors\mock.h">
      <Filter>sensors</Filter>
    </ClInclude>
    <ClInclude Include="..\..\include\vn\sensors\sensors.h">
      <Filter>sensors</Filter>
    </ClInclude>
    <ClInclude Include="..\..\include\vn\sensors\searcher.h">
      <Filter>sensors</Filter>
    </ClInclude>
    <ClInclude Include="..\..\include\vn\sensors\compositedata.h">
      <Filter>sensors</Filter>
    </ClInclude>
    <ClInclude Include="..\..\include\vn\sensors\ezasyncdata.h">
      <Filter>sensors</Filter>
    </ClInclude>
    <ClInclude Include="..\..\include\vn\xplat\criticalsection.h">
      <Filter>xplat</Filter>
    </ClInclude>
    <ClInclude Include="..\..\include\vn\xplat\event.h">
      <Filter>xplat</Filter>
    </ClInclude>
    <ClInclude Include="..\..\include\vn\xplat\serialport.h">
      <Filter>xplat</Filter>
    </ClInclude>
    <ClInclude Include="..\..\include\vn\xplat\signal.h">
      <Filter>xplat</Filter>
    </ClInclude>
    <ClInclude Include="..\..\include\vn\xplat\thread.h">
      <Filter>xplat</Filter>
    </ClInclude>
    <ClInclude Include="..\..\include\vn\xplat\time.h">
      <Filter>xplat</Filter>
    </ClInclude>
    <ClInclude Include="..\..\include\vn\xplat\port.h">
      <Filter>xplat</Filter>
    </ClInclude>
  </ItemGroup>
  <ItemGroup>
    <Filter Include="math">
      <UniqueIdentifier>{35D3ED17-D72B-3CF1-B761-BDD5F78612DD}</UniqueIdentifier>
    </Filter>
    <Filter Include="util">
      <UniqueIdentifier>{5DE450CC-F179-353C-9910-C3E0FF511A95}</UniqueIdentifier>
    </Filter>
    <Filter Include="data">
      <UniqueIdentifier>{7FF755F0-8DE2-3202-B206-2E2C6BFFBA09}</UniqueIdentifier>
    </Filter>
    <Filter Include="protocol">
      <UniqueIdentifier>{831E4DF0-2702-3DB7-AD96-0D5C25CBE6D5}</UniqueIdentifier>
    </Filter>
    <Filter Include="sensors">
      <UniqueIdentifier>{D905B6F2-0852-353A-B747-EE74734D054B}</UniqueIdentifier>
    </Filter>
    <Filter Include="xplat">
      <UniqueIdentifier>{7C83A216-DED4-34ED-B2DE-1D74510F8E18}</UniqueIdentifier>
    </Filter>
    <Filter Include="protocol\uart">
      <UniqueIdentifier>{0014BA7C-4392-3FBD-9227-14AC0552589B}</UniqueIdentifier>
    </Filter>
  </ItemGroup>
</Project>
